
Microsoft Visual Studio Solution File, Format Version 12.00
# Visual Studio 15
VisualStudioVersion = 15.0.28307.572
MinimumVisualStudioVersion = 10.0.40219.1
Project("{FAE04EC0-301F-11D3-BF4B-00C04F79EFBC}") = "JournalEncryption", "JournalEncryption\JournalEncryption.csproj", "{0E25504C-706C-48AC-8E28-D6CD603EA125}"
EndProject
Global
	GlobalSection(SolutionConfigurationPlatforms) = preSolution
		Debug|Any CPU = Debug|Any CPU
		Release|Any CPU = Release|Any CPU
	EndGlobalSection
	GlobalSection(ProjectConfigurationPlatforms) = postSolution
		{0E25504C-706C-48AC-8E28-D6CD603EA125}.Debug|Any CPU.ActiveCfg = Debug|Any CPU
		{0E25504C-706C-48AC-8E28-D6CD603EA125}.Debug|Any CPU.Build.0 = Debug|Any CPU
		{0E25504C-706C-48AC-8E28-D6CD603EA125}.Release|Any CPU.ActiveCfg = Release|Any CPU
		{0E25504C-706C-48AC-8E28-D6CD603EA125}.Release|Any CPU.Build.0 = Release|Any CPU
	EndGlobalSection
	GlobalSection(SolutionProperties) = preSolution
		HideSolutionNode = FALSE
	EndGlobalSection
	GlobalSection(ExtensibilityGlobals) = postSolution
		SolutionGuid = {6947B19A-ED34-41F3-B4D1-F5509F404741}
	EndGlobalSection
EndGlobal
